{
  "nodes": {
    "nixpkgs": {
      "locked": {
        "lastModified": 1784901297,
        "narHash": "sha256-zw+PV3YVLV+kw7kq8MPvjFZt3RPShEiBrbTX2bA4iCQ=",
        "owner": "NixOS",
        "repo": "nixpkgs",
        "rev": "5af4939525f6a9ae54d82d2a851c15c825dfa436",
        "type": "github"
      },
      "original": {
        "owner": "NixOS",
        "repo": "nixpkgs",
        "type": "github"
      }
    },
    "root": {
      "inputs": {
        "nixpkgs": "nixpkgs"
      }
    }
  },
  "root": "root",
  "version": 7
}
