{
  "nodes": {
    "nixpkgs": {
      "locked": {
        "lastModified": 1785440199,
        "narHash": "sha256-U4DAh+iHMrI9jS2vVkwZ8pgz/6lZCknEP1ffa2UrU60=",
        "owner": "NixOS",
        "repo": "nixpkgs",
        "rev": "b911538c23fadd71168652592d9573a4a9e5575e",
        "type": "github"
      },
      "original": {
        "owner": "NixOS",
        "repo": "nixpkgs",
        "type": "github"
      }
    },
    "root": {
      "inputs": {
        "nixpkgs": "nixpkgs"
      }
    }
  },
  "root": "root",
  "version": 7
}
