{
  "nodes": {
    "nixpkgs": {
      "locked": {
        "lastModified": 1785831796,
        "narHash": "sha256-QvQSoa/nSPdFlnEC6wLNJfByPGWc1nV6LDfdwdswfiQ=",
        "owner": "NixOS",
        "repo": "nixpkgs",
        "rev": "4a37013ff95a693de1ed1145ce064737eef19aa1",
        "type": "github"
      },
      "original": {
        "owner": "NixOS",
        "repo": "nixpkgs",
        "type": "github"
      }
    },
    "root": {
      "inputs": {
        "nixpkgs": "nixpkgs"
      }
    }
  },
  "root": "root",
  "version": 7
}
